
Microsoft Visual Studio Solution File, Format Version 12.00
# Visual Studio 2013
VisualStudioVersion = 12.0.21005.1
MinimumVisualStudioVersion = 10.0.40219.1
Project("{FAE04EC0-301F-11D3-BF4B-00C04F79EFBC}") = "ConsoleTest", "ConsoleTest\ConsoleTest.csproj", "{D6571451-423B-4CFF-B5C3-14AC5C133F4A}"
EndProject
Project("{FAE04EC0-301F-11D3-BF4B-00C04F79EFBC}") = "Report.Base", "Report.Base\Report.Base.csproj", "{41E93192-1CE0-49BF-82F9-C7B6BCF2DCC6}"
EndProject
Project("{FAE04EC0-301F-11D3-BF4B-00C04F79EFBC}") = "Report", "Report\Report.csproj", "{17DBC28D-7FC0-488C-B9A3-CEF1C78A3C28}"
EndProject
Global
	GlobalSection(SolutionConfigurationPlatforms) = preSolution
		Debug|Any CPU = Debug|Any CPU
		Debug|Mixed Platforms = Debug|Mixed Platforms
		Debug|x86 = Debug|x86
		Release|Any CPU = Release|Any CPU
		Release|Mixed Platforms = Release|Mixed Platforms
		Release|x86 = Release|x86
	EndGlobalSection
	GlobalSection(ProjectConfigurationPlatforms) = postSolution
		{D6571451-423B-4CFF-B5C3-14AC5C133F4A}.Debug|Any CPU.ActiveCfg = Debug|x86
		{D6571451-423B-4CFF-B5C3-14AC5C133F4A}.Debug|Mixed Platforms.ActiveCfg = Debug|x86
		{D6571451-423B-4CFF-B5C3-14AC5C133F4A}.Debug|Mixed Platforms.Build.0 = Debug|x86
		{D6571451-423B-4CFF-B5C3-14AC5C133F4A}.Debug|x86.ActiveCfg = Debug|x86
		{D6571451-423B-4CFF-B5C3-14AC5C133F4A}.Debug|x86.Build.0 = Debug|x86
		{D6571451-423B-4CFF-B5C3-14AC5C133F4A}.Release|Any CPU.ActiveCfg = Release|x86
		{D6571451-423B-4CFF-B5C3-14AC5C133F4A}.Release|Mixed Platforms.ActiveCfg = Release|x86
		{D6571451-423B-4CFF-B5C3-14AC5C133F4A}.Release|Mixed Platforms.Build.0 = Release|x86
		{D6571451-423B-4CFF-B5C3-14AC5C133F4A}.Release|x86.ActiveCfg = Release|x86
		{D6571451-423B-4CFF-B5C3-14AC5C133F4A}.Release|x86.Build.0 = Release|x86
		{41E93192-1CE0-49BF-82F9-C7B6BCF2DCC6}.Debug|Any CPU.ActiveCfg = Debug|Any CPU
		{41E93192-1CE0-49BF-82F9-C7B6BCF2DCC6}.Debug|Any CPU.Build.0 = Debug|Any CPU
		{41E93192-1CE0-49BF-82F9-C7B6BCF2DCC6}.Debug|Mixed Platforms.ActiveCfg = Debug|Any CPU
		{41E93192-1CE0-49BF-82F9-C7B6BCF2DCC6}.Debug|Mixed Platforms.Build.0 = Debug|Any CPU
		{41E93192-1CE0-49BF-82F9-C7B6BCF2DCC6}.Debug|x86.ActiveCfg = Debug|Any CPU
		{41E93192-1CE0-49BF-82F9-C7B6BCF2DCC6}.Release|Any CPU.ActiveCfg = Release|Any CPU
		{41E93192-1CE0-49BF-82F9-C7B6BCF2DCC6}.Release|Any CPU.Build.0 = Release|Any CPU
		{41E93192-1CE0-49BF-82F9-C7B6BCF2DCC6}.Release|Mixed Platforms.ActiveCfg = Release|Any CPU
		{41E93192-1CE0-49BF-82F9-C7B6BCF2DCC6}.Release|Mixed Platforms.Build.0 = Release|Any CPU
		{41E93192-1CE0-49BF-82F9-C7B6BCF2DCC6}.Release|x86.ActiveCfg = Release|Any CPU
		{17DBC28D-7FC0-488C-B9A3-CEF1C78A3C28}.Debug|Any CPU.ActiveCfg = Debug|Any CPU
		{17DBC28D-7FC0-488C-B9A3-CEF1C78A3C28}.Debug|Any CPU.Build.0 = Debug|Any CPU
		{17DBC28D-7FC0-488C-B9A3-CEF1C78A3C28}.Debug|Mixed Platforms.ActiveCfg = Debug|Any CPU
		{17DBC28D-7FC0-488C-B9A3-CEF1C78A3C28}.Debug|Mixed Platforms.Build.0 = Debug|Any CPU
		{17DBC28D-7FC0-488C-B9A3-CEF1C78A3C28}.Debug|x86.ActiveCfg = Debug|Any CPU
		{17DBC28D-7FC0-488C-B9A3-CEF1C78A3C28}.Release|Any CPU.ActiveCfg = Release|Any CPU
		{17DBC28D-7FC0-488C-B9A3-CEF1C78A3C28}.Release|Any CPU.Build.0 = Release|Any CPU
		{17DBC28D-7FC0-488C-B9A3-CEF1C78A3C28}.Release|Mixed Platforms.ActiveCfg = Release|Any CPU
		{17DBC28D-7FC0-488C-B9A3-CEF1C78A3C28}.Release|Mixed Platforms.Build.0 = Release|Any CPU
		{17DBC28D-7FC0-488C-B9A3-CEF1C78A3C28}.Release|x86.ActiveCfg = Release|Any CPU
	EndGlobalSection
	GlobalSection(SolutionProperties) = preSolution
		HideSolutionNode = FALSE
	EndGlobalSection
EndGlobal
